
Microsoft Visual Studio Solution File, Format Version 12.00
# Visual Studio Version 16
VisualStudioVersion = 16.0.31729.503
MinimumVisualStudioVersion = 10.0.40219.1
Project("{9A19103F-16F7-4668-BE54-9A1E7A4F7556}") = "API", "API\API.csproj", "{44E5D932-B383-425D-B6F0-E32CAB51B775}"
EndProject
Project("{9A19103F-16F7-4668-BE54-9A1E7A4F7556}") = "Client", "Client\Client.csproj", "{A51A1621-2366-430F-9BEE-4967F81458D6}"
EndProject
Global
	GlobalSection(SolutionConfigurationPlatforms) = preSolution
		Debug|Any CPU = Debug|Any CPU
		Release|Any CPU = Release|Any CPU
	EndGlobalSection
	GlobalSection(ProjectConfigurationPlatforms) = postSolution
		{44E5D932-B383-425D-B6F0-E32CAB51B775}.Debug|Any CPU.ActiveCfg = Debug|Any CPU
		{44E5D932-B383-425D-B6F0-E32CAB51B775}.Debug|Any CPU.Build.0 = Debug|Any CPU
		{44E5D932-B383-425D-B6F0-E32CAB51B775}.Release|Any CPU.ActiveCfg = Release|Any CPU
		{44E5D932-B383-425D-B6F0-E32CAB51B775}.Release|Any CPU.Build.0 = Release|Any CPU
		{A51A1621-2366-430F-9BEE-4967F81458D6}.Debug|Any CPU.ActiveCfg = Debug|Any CPU
		{A51A1621-2366-430F-9BEE-4967F81458D6}.Debug|Any CPU.Build.0 = Debug|Any CPU
		{A51A1621-2366-430F-9BEE-4967F81458D6}.Release|Any CPU.ActiveCfg = Release|Any CPU
		{A51A1621-2366-430F-9BEE-4967F81458D6}.Release|Any CPU.Build.0 = Release|Any CPU
	EndGlobalSection
	GlobalSection(SolutionProperties) = preSolution
		HideSolutionNode = FALSE
	EndGlobalSection
	GlobalSection(ExtensibilityGlobals) = postSolution
		SolutionGuid = {7525F018-BB50-40C2-9C77-62F080063EC0}
	EndGlobalSection
EndGlobal
